
Microsoft Visual Studio Solution File, Format Version 12.00
# Visual Studio 15
VisualStudioVersion = 15.0.27004.2002
MinimumVisualStudioVersion = 10.0.40219.1
Project("{FAE04EC0-301F-11D3-BF4B-00C04F79EFBC}") = "ZorkBork", "ZorkBork\ZorkBork.csproj", "{2271E33C-3FBE-4D4C-977E-C9AEDEC8F853}"
EndProject
Project("{FAE04EC0-301F-11D3-BF4B-00C04F79EFBC}") = "ZorkBorkTestProject", "ZorkBorkTestProject\ZorkBorkTestProject.csproj", "{98B0280C-F204-436A-A1A7-AA41421FCF63}"
	ProjectSection(ProjectDependencies) = postProject
		{2271E33C-3FBE-4D4C-977E-C9AEDEC8F853} = {2271E33C-3FBE-4D4C-977E-C9AEDEC8F853}
	EndProjectSection
EndProject
Global
	GlobalSection(SolutionConfigurationPlatforms) = preSolution
		Debug|Any CPU = Debug|Any CPU
		Release|Any CPU = Release|Any CPU
	EndGlobalSection
	GlobalSection(ProjectConfigurationPlatforms) = postSolution
		{2271E33C-3FBE-4D4C-977E-C9AEDEC8F853}.Debug|Any CPU.ActiveCfg = Debug|Any CPU
		{2271E33C-3FBE-4D4C-977E-C9AEDEC8F853}.Debug|Any CPU.Build.0 = Debug|Any CPU
		{2271E33C-3FBE-4D4C-977E-C9AEDEC8F853}.Release|Any CPU.ActiveCfg = Release|Any CPU
		{2271E33C-3FBE-4D4C-977E-C9AEDEC8F853}.Release|Any CPU.Build.0 = Release|Any CPU
		{98B0280C-F204-436A-A1A7-AA41421FCF63}.Debug|Any CPU.ActiveCfg = Debug|Any CPU
		{98B0280C-F204-436A-A1A7-AA41421FCF63}.Debug|Any CPU.Build.0 = Debug|Any CPU
		{98B0280C-F204-436A-A1A7-AA41421FCF63}.Release|Any CPU.ActiveCfg = Release|Any CPU
		{98B0280C-F204-436A-A1A7-AA41421FCF63}.Release|Any CPU.Build.0 = Release|Any CPU
	EndGlobalSection
	GlobalSection(SolutionProperties) = preSolution
		HideSolutionNode = FALSE
	EndGlobalSection
	GlobalSection(ExtensibilityGlobals) = postSolution
		SolutionGuid = {87DFA09A-065C-426C-856B-C67B3F4FEFB7}
	EndGlobalSection
EndGlobal
